
Microsoft Visual Studio Solution File, Format Version 12.00
# Visual Studio Version 16
VisualStudioVersion = 16.0.30611.23
MinimumVisualStudioVersion = 10.0.40219.1
Project("{FAE04EC0-301F-11D3-BF4B-00C04F79EFBC}") = "ConsoleRSA", "ConsoleRSA\ConsoleRSA.csproj", "{56109FF0-8282-4659-B1BF-52AE73F229F3}"
EndProject
Global
	GlobalSection(SolutionConfigurationPlatforms) = preSolution
		Debug|Any CPU = Debug|Any CPU
		Release|Any CPU = Release|Any CPU
	EndGlobalSection
	GlobalSection(ProjectConfigurationPlatforms) = postSolution
		{56109FF0-8282-4659-B1BF-52AE73F229F3}.Debug|Any CPU.ActiveCfg = Debug|Any CPU
		{56109FF0-8282-4659-B1BF-52AE73F229F3}.Debug|Any CPU.Build.0 = Debug|Any CPU
		{56109FF0-8282-4659-B1BF-52AE73F229F3}.Release|Any CPU.ActiveCfg = Release|Any CPU
		{56109FF0-8282-4659-B1BF-52AE73F229F3}.Release|Any CPU.Build.0 = Release|Any CPU
	EndGlobalSection
	GlobalSection(SolutionProperties) = preSolution
		HideSolutionNode = FALSE
	EndGlobalSection
	GlobalSection(ExtensibilityGlobals) = postSolution
		SolutionGuid = {64EBFBD3-2388-4F9A-8220-8F486F0F1EC5}
	EndGlobalSection
EndGlobal
